
Microsoft Visual Studio Solution File, Format Version 12.00
# Visual Studio Version 17
VisualStudioVersion = 17.4.33213.308
MinimumVisualStudioVersion = 10.0.40219.1
Project("{9A19103F-16F7-4668-BE54-9A1E7A4F7556}") = "PropertEase", "MobiFonApi\PropertEase.csproj", "{1F0E1AD9-B72B-48F9-B31C-83954461DDA0}"
EndProject
Project("{9A19103F-16F7-4668-BE54-9A1E7A4F7556}") = "PropertEase.Core", "MobiFon.Core\PropertEase.Core.csproj", "{D4A2DC34-6BA3-4C14-B4BD-D618386F989A}"
EndProject
Project("{9A19103F-16F7-4668-BE54-9A1E7A4F7556}") = "PropertEase.Infrastructure", "MobiFon.Infrastructure\PropertEase.Infrastructure.csproj", "{6F88E7D0-3BE4-475A-AEC6-95D4CFAEF541}"
EndProject
Project("{9A19103F-16F7-4668-BE54-9A1E7A4F7556}") = "PropertEase.Services", "MobiFon.Services\PropertEase.Services.csproj", "{C458AD33-1825-4F19-9879-82067354A3D6}"
EndProject
Project("{9A19103F-16F7-4668-BE54-9A1E7A4F7556}") = "PropertEase.Shared", "MobiFon.Shared\PropertEase.Shared.csproj", "{1790FE67-B22C-4ECD-8531-DA66F7534151}"
EndProject
Global
	GlobalSection(SolutionConfigurationPlatforms) = preSolution
		Debug|Any CPU = Debug|Any CPU
		Release|Any CPU = Release|Any CPU
	EndGlobalSection
	GlobalSection(ProjectConfigurationPlatforms) = postSolution
		{1F0E1AD9-B72B-48F9-B31C-83954461DDA0}.Debug|Any CPU.ActiveCfg = Debug|Any CPU
		{1F0E1AD9-B72B-48F9-B31C-83954461DDA0}.Debug|Any CPU.Build.0 = Debug|Any CPU
		{1F0E1AD9-B72B-48F9-B31C-83954461DDA0}.Release|Any CPU.ActiveCfg = Release|Any CPU
		{1F0E1AD9-B72B-48F9-B31C-83954461DDA0}.Release|Any CPU.Build.0 = Release|Any CPU
		{D4A2DC34-6BA3-4C14-B4BD-D618386F989A}.Debug|Any CPU.ActiveCfg = Debug|Any CPU
		{D4A2DC34-6BA3-4C14-B4BD-D618386F989A}.Debug|Any CPU.Build.0 = Debug|Any CPU
		{D4A2DC34-6BA3-4C14-B4BD-D618386F989A}.Release|Any CPU.ActiveCfg = Release|Any CPU
		{D4A2DC34-6BA3-4C14-B4BD-D618386F989A}.Release|Any CPU.Build.0 = Release|Any CPU
		{6F88E7D0-3BE4-475A-AEC6-95D4CFAEF541}.Debug|Any CPU.ActiveCfg = Debug|Any CPU
		{6F88E7D0-3BE4-475A-AEC6-95D4CFAEF541}.Debug|Any CPU.Build.0 = Debug|Any CPU
		{6F88E7D0-3BE4-475A-AEC6-95D4CFAEF541}.Release|Any CPU.ActiveCfg = Release|Any CPU
		{6F88E7D0-3BE4-475A-AEC6-95D4CFAEF541}.Release|Any CPU.Build.0 = Release|Any CPU
		{C458AD33-1825-4F19-9879-82067354A3D6}.Debug|Any CPU.ActiveCfg = Debug|Any CPU
		{C458AD33-1825-4F19-9879-82067354A3D6}.Debug|Any CPU.Build.0 = Debug|Any CPU
		{C458AD33-1825-4F19-9879-82067354A3D6}.Release|Any CPU.ActiveCfg = Release|Any CPU
		{C458AD33-1825-4F19-9879-82067354A3D6}.Release|Any CPU.Build.0 = Release|Any CPU
		{1790FE67-B22C-4ECD-8531-DA66F7534151}.Debug|Any CPU.ActiveCfg = Debug|Any CPU
		{1790FE67-B22C-4ECD-8531-DA66F7534151}.Debug|Any CPU.Build.0 = Debug|Any CPU
		{1790FE67-B22C-4ECD-8531-DA66F7534151}.Release|Any CPU.ActiveCfg = Release|Any CPU
		{1790FE67-B22C-4ECD-8531-DA66F7534151}.Release|Any CPU.Build.0 = Release|Any CPU
	EndGlobalSection
	GlobalSection(SolutionProperties) = preSolution
		HideSolutionNode = FALSE
	EndGlobalSection
	GlobalSection(ExtensibilityGlobals) = postSolution
		SolutionGuid = {03D50F30-AAEB-45FF-8815-CF06D4A29993}
	EndGlobalSection
EndGlobal
